<?xml version="1.0" encoding="UTF-8" standalone="yes" ?>
<CodeBlocks_project_file>
	<FileVersion major="1" minor="6" />
	<Project>
		<Option title="DoCe_Vector" />
		<Option pch_mode="2" />
		<Option compiler="gcc" />
		<Build>
			<Target title="Debug">
				<Option output="bin/Debug/DoCe_Vector" prefix_auto="1" extension_auto="1" />
				<Option object_output="obj/Debug/" />
				<Option type="1" />
				<Option compiler="gcc" />
				<Compiler>
					<Add option="-g" />
				</Compiler>
			</Target>
			<Target title="Release">
				<Option output="bin/Release/DoCe_Vector" prefix_auto="1" extension_auto="1" />
				<Option object_output="obj/Release/" />
				<Option type="1" />
				<Option compiler="gcc" />
				<Compiler>
					<Add option="-O2" />
				</Compiler>
				<Linker>
					<Add option="-s" />
				</Linker>
			</Target>
		</Build>
		<Compiler>
			<Add option="-Wall" />
		</Compiler>
		<Unit filename="Headers/Lista.h" />
		<Unit filename="Headers/Logica.h" />
		<Unit filename="Headers/Menu.h" />
		<Unit filename="Headers/PilaEstatica.h" />
		<Unit filename="Headers/Ranking.h" />
		<Unit filename="Headers/cJSON.h" />
		<Unit filename="Sources/Lista.c">
			<Option compilerVar="CC" />
		</Unit>
		<Unit filename="Sources/Logica.c">
			<Option compilerVar="CC" />
		</Unit>
		<Unit filename="Sources/Menu.c">
			<Option compilerVar="CC" />
		</Unit>
		<Unit filename="Sources/PilaEstatica.c">
			<Option compilerVar="CC" />
		</Unit>
		<Unit filename="Sources/Ranking.c">
			<Option compilerVar="CC" />
		</Unit>
		<Unit filename="Sources/cJSON.c">
			<Option compilerVar="CC" />
		</Unit>
		<Unit filename="main.c">
			<Option compilerVar="CC" />
		</Unit>
		<Extensions />
	</Project>
</CodeBlocks_project_file>
